
Microsoft Visual Studio Solution File, Format Version 12.00
# Visual Studio Version 16
VisualStudioVersion = 16.0.31911.196
MinimumVisualStudioVersion = 10.0.40219.1
Project("{FAE04EC0-301F-11D3-BF4B-00C04F79EFBC}") = "WebAppCICD", "WebAppCICD.csproj", "{FFE97D63-B64D-4590-9710-B6D602986D04}"
EndProject
Global
	GlobalSection(SolutionConfigurationPlatforms) = preSolution
		Debug|Any CPU = Debug|Any CPU
		Release|Any CPU = Release|Any CPU
	EndGlobalSection
	GlobalSection(ProjectConfigurationPlatforms) = postSolution
		{FFE97D63-B64D-4590-9710-B6D602986D04}.Debug|Any CPU.ActiveCfg = Debug|Any CPU
		{FFE97D63-B64D-4590-9710-B6D602986D04}.Debug|Any CPU.Build.0 = Debug|Any CPU
		{FFE97D63-B64D-4590-9710-B6D602986D04}.Release|Any CPU.ActiveCfg = Release|Any CPU
		{FFE97D63-B64D-4590-9710-B6D602986D04}.Release|Any CPU.Build.0 = Release|Any CPU
	EndGlobalSection
	GlobalSection(SolutionProperties) = preSolution
		HideSolutionNode = FALSE
	EndGlobalSection
	GlobalSection(ExtensibilityGlobals) = postSolution
		SolutionGuid = {81BFAA1C-92D3-40ED-9AC5-53C1FDF75E4B}
	EndGlobalSection
EndGlobal
